
Microsoft Visual Studio Solution File, Format Version 12.00
# Visual Studio Version 16
VisualStudioVersion = 16.0.30621.155
MinimumVisualStudioVersion = 10.0.40219.1
Project("{FAE04EC0-301F-11D3-BF4B-00C04F79EFBC}") = "BoxesProject", "BoxesProject\BoxesProject.csproj", "{B4D7EAED-74C7-46E9-8BC0-6F368064AA95}"
EndProject
Project("{FAE04EC0-301F-11D3-BF4B-00C04F79EFBC}") = "BoxesLibrary", "BoxesLibrary\BoxesLibrary.csproj", "{141E5474-CADF-4BEA-B688-7A82EA2365FC}"
EndProject
Global
	GlobalSection(SolutionConfigurationPlatforms) = preSolution
		Debug|Any CPU = Debug|Any CPU
		Release|Any CPU = Release|Any CPU
	EndGlobalSection
	GlobalSection(ProjectConfigurationPlatforms) = postSolution
		{B4D7EAED-74C7-46E9-8BC0-6F368064AA95}.Debug|Any CPU.ActiveCfg = Debug|Any CPU
		{B4D7EAED-74C7-46E9-8BC0-6F368064AA95}.Debug|Any CPU.Build.0 = Debug|Any CPU
		{B4D7EAED-74C7-46E9-8BC0-6F368064AA95}.Release|Any CPU.ActiveCfg = Release|Any CPU
		{B4D7EAED-74C7-46E9-8BC0-6F368064AA95}.Release|Any CPU.Build.0 = Release|Any CPU
		{141E5474-CADF-4BEA-B688-7A82EA2365FC}.Debug|Any CPU.ActiveCfg = Debug|Any CPU
		{141E5474-CADF-4BEA-B688-7A82EA2365FC}.Debug|Any CPU.Build.0 = Debug|Any CPU
		{141E5474-CADF-4BEA-B688-7A82EA2365FC}.Release|Any CPU.ActiveCfg = Release|Any CPU
		{141E5474-CADF-4BEA-B688-7A82EA2365FC}.Release|Any CPU.Build.0 = Release|Any CPU
	EndGlobalSection
	GlobalSection(SolutionProperties) = preSolution
		HideSolutionNode = FALSE
	EndGlobalSection
	GlobalSection(ExtensibilityGlobals) = postSolution
		SolutionGuid = {DFD11D19-D271-419E-A7F7-9AE8840575A6}
	EndGlobalSection
EndGlobal
